
Microsoft Visual Studio Solution File, Format Version 12.00
# Visual Studio Version 17
VisualStudioVersion = 17.2.32616.157
MinimumVisualStudioVersion = 10.0.40219.1
Project("{FAE04EC0-301F-11D3-BF4B-00C04F79EFBC}") = "lab", "lab\lab.csproj", "{F858F32A-9DC6-4BE3-B731-0EFC5C84A2DE}"
EndProject
Global
	GlobalSection(SolutionConfigurationPlatforms) = preSolution
		Debug|Any CPU = Debug|Any CPU
		Release|Any CPU = Release|Any CPU
	EndGlobalSection
	GlobalSection(ProjectConfigurationPlatforms) = postSolution
		{F858F32A-9DC6-4BE3-B731-0EFC5C84A2DE}.Debug|Any CPU.ActiveCfg = Debug|Any CPU
		{F858F32A-9DC6-4BE3-B731-0EFC5C84A2DE}.Debug|Any CPU.Build.0 = Debug|Any CPU
		{F858F32A-9DC6-4BE3-B731-0EFC5C84A2DE}.Release|Any CPU.ActiveCfg = Release|Any CPU
		{F858F32A-9DC6-4BE3-B731-0EFC5C84A2DE}.Release|Any CPU.Build.0 = Release|Any CPU
	EndGlobalSection
	GlobalSection(SolutionProperties) = preSolution
		HideSolutionNode = FALSE
	EndGlobalSection
	GlobalSection(ExtensibilityGlobals) = postSolution
		SolutionGuid = {495568A1-B259-4CCC-AC61-6A1F9193F0AB}
	EndGlobalSection
EndGlobal
